// !$*UTF8*$!
{
	archiveVersion = 1;
	classes = {
	};
	objectVersion = 55;
	objects = {

/* Begin PBXBuildFile section */
		BB3A3000285124FF0030E302 /* AppDelegate.swift in Sources */ = {isa = PBXBuildFile; fileRef = BB3A2FFF285124FF0030E302 /* AppDelegate.swift */; };
		BB3A3002285124FF0030E302 /* SceneDelegate.swift in Sources */ = {isa = PBXBuildFile; fileRef = BB3A3001285124FF0030E302 /* SceneDelegate.swift */; };
		BB3A3004285124FF0030E302 /* ViewController.swift in Sources */ = {isa = PBXBuildFile; fileRef = BB3A3003285124FF0030E302 /* ViewController.swift */; };
		BB3A3007285124FF0030E302 /* Main.storyboard in Resources */ = {isa = PBXBuildFile; fileRef = BB3A3005285124FF0030E302 /* Main.storyboard */; };
		BB3A3009285125000030E302 /* Assets.xcassets in Resources */ = {isa = PBXBuildFile; fileRef = BB3A3008285125000030E302 /* Assets.xcassets */; };
		BB3A300C285125000030E302 /* LaunchScreen.storyboard in Resources */ = {isa = PBXBuildFile; fileRef = BB3A300A285125000030E302 /* LaunchScreen.storyboard */; };
		BB3A3015285127DD0030E302 /* Apollo in Frameworks */ = {isa = PBXBuildFile; productRef = BB3A3014285127DD0030E302 /* Apollo */; };
		BB3A301728512B0F0030E302 /* schema.json in Resources */ = {isa = PBXBuildFile; fileRef = BB3A301628512B0F0030E302 /* schema.json */; };
		BB8DD32A28545DCD006F77C3 /* GetAllFruits.graphql in Resources */ = {isa = PBXBuildFile; fileRef = BB8DD32928545DCD006F77C3 /* GetAllFruits.graphql */; };
		BB8DD32C28545EC2006F77C3 /* API.swift in Sources */ = {isa = PBXBuildFile; fileRef = BB8DD32B28545EC2006F77C3 /* API.swift */; };
		BBE97CB428566B940078DE99 /* AddFruitMutation.graphql in Resources */ = {isa = PBXBuildFile; fileRef = BBE97CB328566B940078DE99 /* AddFruitMutation.graphql */; };
/* End PBXBuildFile section */

/* Begin PBXFileReference section */
		BB3A2FFC285124FF0030E302 /* Apollo Medium Article.app */ = {isa = PBXFileReference; explicitFileType = wrapper.application; includeInIndex = 0; path = "Apollo Medium Article.app"; sourceTree = BUILT_PRODUCTS_DIR; };
		BB3A2FFF285124FF0030E302 /* AppDelegate.swift */ = {isa = PBXFileReference; lastKnownFileType = sourcecode.swift; path = AppDelegate.swift; sourceTree = "<group>"; };
		BB3A3001285124FF0030E302 /* SceneDelegate.swift */ = {isa = PBXFileReference; lastKnownFileType = sourcecode.swift; path = SceneDelegate.swift; sourceTree = "<group>"; };
		BB3A3003285124FF0030E302 /* ViewController.swift */ = {isa = PBXFileReference; lastKnownFileType = sourcecode.swift; path = ViewController.swift; sourceTree = "<group>"; };
		BB3A3006285124FF0030E302 /* Base */ = {isa = PBXFileReference; lastKnownFileType = file.storyboard; name = Base; path = Base.lproj/Main.storyboard; sourceTree = "<group>"; };
		BB3A3008285125000030E302 /* Assets.xcassets */ = {isa = PBXFileReference; lastKnownFileType = folder.assetcatalog; path = Assets.xcassets; sourceTree = "<group>"; };
		BB3A300B285125000030E302 /* Base */ = {isa = PBXFileReference; lastKnownFileType = file.storyboard; name = Base; path = Base.lproj/LaunchScreen.storyboard; sourceTree = "<group>"; };
		BB3A300D285125000030E302 /* Info.plist */ = {isa = PBXFileReference; lastKnownFileType = text.plist.xml; path = Info.plist; sourceTree = "<group>"; };
		BB3A301628512B0F0030E302 /* schema.json */ = {isa = PBXFileReference; fileEncoding = 4; lastKnownFileType = text.json; path = schema.json; sourceTree = "<group>"; };
		BB8DD32928545DCD006F77C3 /* GetAllFruits.graphql */ = {isa = PBXFileReference; lastKnownFileType = text; path = GetAllFruits.graphql; sourceTree = "<group>"; };
		BB8DD32B28545EC2006F77C3 /* API.swift */ = {isa = PBXFileReference; fileEncoding = 4; lastKnownFileType = sourcecode.swift; path = API.swift; sourceTree = "<group>"; };
		BBE97CB328566B940078DE99 /* AddFruitMutation.graphql */ = {isa = PBXFileReference; lastKnownFileType = text; path = AddFruitMutation.graphql; sourceTree = "<group>"; };
/* End PBXFileReference section */

/* Begin PBXFrameworksBuildPhase section */
		BB3A2FF9285124FF0030E302 /* Frameworks */ = {
			isa = PBXFrameworksBuildPhase;
			buildActionMask = 2147483647;
			files = (
				BB3A3015285127DD0030E302 /* Apollo in Frameworks */,
			);
			runOnlyForDeploymentPostprocessing = 0;
		};
/* End PBXFrameworksBuildPhase section */

/* Begin PBXGroup section */
		BB3A2FF3285124FF0030E302 = {
			isa = PBXGroup;
			children = (
				BB3A2FFE285124FF0030E302 /* Apollo Medium Article */,
				BB3A2FFD285124FF0030E302 /* Products */,
			);
			sourceTree = "<group>";
		};
		BB3A2FFD285124FF0030E302 /* Products */ = {
			isa = PBXGroup;
			children = (
				BB3A2FFC285124FF0030E302 /* Apollo Medium Article.app */,
			);
			name = Products;
			sourceTree = "<group>";
		};
		BB3A2FFE285124FF0030E302 /* Apollo Medium Article */ = {
			isa = PBXGroup;
			children = (
				BB3A301628512B0F0030E302 /* schema.json */,
				BB8DD32928545DCD006F77C3 /* GetAllFruits.graphql */,
				BB8DD32B28545EC2006F77C3 /* API.swift */,
				BB3A2FFF285124FF0030E302 /* AppDelegate.swift */,
				BB3A3001285124FF0030E302 /* SceneDelegate.swift */,
				BB3A3003285124FF0030E302 /* ViewController.swift */,
				BB3A3005285124FF0030E302 /* Main.storyboard */,
				BB3A3008285125000030E302 /* Assets.xcassets */,
				BB3A300A285125000030E302 /* LaunchScreen.storyboard */,
				BB3A300D285125000030E302 /* Info.plist */,
				BBE97CB328566B940078DE99 /* AddFruitMutation.graphql */,
			);
			path = "Apollo Medium Article";
			sourceTree = "<group>";
		};
/* End PBXGroup section */

/* Begin PBXNativeTarget section */
		BB3A2FFB285124FF0030E302 /* Apollo Medium Article */ = {
			isa = PBXNativeTarget;
			buildConfigurationList = BB3A3010285125000030E302 /* Build configuration list for PBXNativeTarget "Apollo Medium Article" */;
			buildPhases = (
				BB8DD32628545417006F77C3 /* Apollo */,
				BB3A2FF8285124FF0030E302 /* Sources */,
				BB3A2FF9285124FF0030E302 /* Frameworks */,
				BB3A2FFA285124FF0030E302 /* Resources */,
			);
			buildRules = (
			);
			dependencies = (
			);
			name = "Apollo Medium Article";
			packageProductDependencies = (
				BB3A3014285127DD0030E302 /* Apollo */,
			);
			productName = "Apollo Medium Article";
			productReference = BB3A2FFC285124FF0030E302 /* Apollo Medium Article.app */;
			productType = "com.apple.product-type.application";
		};
/* End PBXNativeTarget section */

/* Begin PBXProject section */
		BB3A2FF4285124FF0030E302 /* Project object */ = {
			isa = PBXProject;
			attributes = {
				BuildIndependentTargetsInParallel = 1;
				LastSwiftUpdateCheck = 1330;
				LastUpgradeCheck = 1330;
				TargetAttributes = {
					BB3A2FFB285124FF0030E302 = {
						CreatedOnToolsVersion = 13.3;
					};
				};
			};
			buildConfigurationList = BB3A2FF7285124FF0030E302 /* Build configuration list for PBXProject "Apollo Medium Article" */;
			compatibilityVersion = "Xcode 13.0";
			developmentRegion = en;
			hasScannedForEncodings = 0;
			knownRegions = (
				en,
				Base,
			);
			mainGroup = BB3A2FF3285124FF0030E302;
			packageReferences = (
				BB3A3013285127DD0030E302 /* XCRemoteSwiftPackageReference "apollo-ios" */,
			);
			productRefGroup = BB3A2FFD285124FF0030E302 /* Products */;
			projectDirPath = "";
			projectRoot = "";
			targets = (
				BB3A2FFB285124FF0030E302 /* Apollo Medium Article */,
			);
		};
/* End PBXProject section */

/* Begin PBXResourcesBuildPhase section */
		BB3A2FFA285124FF0030E302 /* Resources */ = {
			isa = PBXResourcesBuildPhase;
			buildActionMask = 2147483647;
			files = (
				BB3A300C285125000030E302 /* LaunchScreen.storyboard in Resources */,
				BB3A3009285125000030E302 /* Assets.xcassets in Resources */,
				BB3A301728512B0F0030E302 /* schema.json in Resources */,
				BBE97CB428566B940078DE99 /* AddFruitMutation.graphql in Resources */,
				BB8DD32A28545DCD006F77C3 /* GetAllFruits.graphql in Resources */,
				BB3A3007285124FF0030E302 /* Main.storyboard in Resources */,
			);
			runOnlyForDeploymentPostprocessing = 0;
		};
/* End PBXResourcesBuildPhase section */

/* Begin PBXShellScriptBuildPhase section */
		BB8DD32628545417006F77C3 /* Apollo */ = {
			isa = PBXShellScriptBuildPhase;
			buildActionMask = 2147483647;
			files = (
			);
			inputFileListPaths = (
			);
			inputPaths = (
			);
			name = Apollo;
			outputFileListPaths = (
			);
			outputPaths = (
			);
			runOnlyForDeploymentPostprocessing = 0;
			shellPath = /bin/sh;
			shellScript = "# Don't run this during index builds\nif [ $ACTION = \"indexbuild\" ]; then exit 0; fi\n\n# Go to the build root and search up the chain to find the Derived Data Path where the source packages are checked out.\nDERIVED_DATA_CANDIDATE=\"${BUILD_ROOT}\"\n\nwhile ! [ -d \"${DERIVED_DATA_CANDIDATE}/SourcePackages\" ]; do\n  if [ \"${DERIVED_DATA_CANDIDATE}\" = / ]; then\n    echo >&2 \"error: Unable to locate SourcePackages directory from BUILD_ROOT: '${BUILD_ROOT}'\"\n    exit 1\n  fi\n\n  DERIVED_DATA_CANDIDATE=\"$(dirname \"${DERIVED_DATA_CANDIDATE}\")\"\ndone\n\n# Grab a reference to the directory where scripts are checked out\nSCRIPT_PATH=\"${DERIVED_DATA_CANDIDATE}/SourcePackages/checkouts/apollo-ios/scripts\"\n\nif [ -z \"${SCRIPT_PATH}\" ]; then\n    echo >&2 \"error: Couldn't find the CLI script in your checked out SPM packages; make sure to add the framework to your project.\"\n    exit 1\nfi\n\ncd \"${SRCROOT}/${TARGET_NAME}\"\n\"${SCRIPT_PATH}\"/run-bundled-codegen.sh \nschema:download   --endpoint=\"https://fruits-api.netlify.app/graphql\" schema.json\n\"${SCRIPT_PATH}\"/run-bundled-codegen.sh codegen:generate --target=swift --includes=./**/*.graphql  --localSchemaFile=\"schema.json\" API.swift\n";
		};
/* End PBXShellScriptBuildPhase section */

/* Begin PBXSourcesBuildPhase section */
		BB3A2FF8285124FF0030E302 /* Sources */ = {
			isa = PBXSourcesBuildPhase;
			buildActionMask = 2147483647;
			files = (
				BB3A3004285124FF0030E302 /* ViewController.swift in Sources */,
				BB3A3000285124FF0030E302 /* AppDelegate.swift in Sources */,
				BB8DD32C28545EC2006F77C3 /* API.swift in Sources */,
				BB3A3002285124FF0030E302 /* SceneDelegate.swift in Sources */,
			);
			runOnlyForDeploymentPostprocessing = 0;
		};
/* End PBXSourcesBuildPhase section */

/* Begin PBXVariantGroup section */
		BB3A3005285124FF0030E302 /* Main.storyboard */ = {
			isa = PBXVariantGroup;
			children = (
				BB3A3006285124FF0030E302 /* Base */,
			);
			name = Main.storyboard;
			sourceTree = "<group>";
		};
		BB3A300A285125000030E302 /* LaunchScreen.storyboard */ = {
			isa = PBXVariantGroup;
			children = (
				BB3A300B285125000030E302 /* Base */,
			);
			name = LaunchScreen.storyboard;
			sourceTree = "<group>";
		};
/* End PBXVariantGroup section */

/* Begin XCBuildConfiguration section */
		BB3A300E285125000030E302 /* Debug */ = {
			isa = XCBuildConfiguration;
			buildSettings = {
				ALWAYS_SEARCH_USER_PATHS = NO;
				CLANG_ANALYZER_NONNULL = YES;
				CLANG_ANALYZER_NUMBER_OBJECT_CONVERSION = YES_AGGRESSIVE;
				CLANG_CXX_LANGUAGE_STANDARD = "gnu++17";
				CLANG_ENABLE_MODULES = YES;
				CLANG_ENABLE_OBJC_ARC = YES;
				CLANG_ENABLE_OBJC_WEAK = YES;
				CLANG_WARN_BLOCK_CAPTURE_AUTORELEASING = YES;
				CLANG_WARN_BOOL_CONVERSION = YES;
				CLANG_WARN_COMMA = YES;
				CLANG_WARN_CONSTANT_CONVERSION = YES;
				CLANG_WARN_DEPRECATED_OBJC_IMPLEMENTATIONS = YES;
				CLANG_WARN_DIRECT_OBJC_ISA_USAGE = YES_ERROR;
				CLANG_WARN_DOCUMENTATION_COMMENTS = YES;
				CLANG_WARN_EMPTY_BODY = YES;
				CLANG_WARN_ENUM_CONVERSION = YES;
				CLANG_WARN_INFINITE_RECURSION = YES;
				CLANG_WARN_INT_CONVERSION = YES;
				CLANG_WARN_NON_LITERAL_NULL_CONVERSION = YES;
				CLANG_WARN_OBJC_IMPLICIT_RETAIN_SELF = YES;
				CLANG_WARN_OBJC_LITERAL_CONVERSION = YES;
				CLANG_WARN_OBJC_ROOT_CLASS = YES_ERROR;
				CLANG_WARN_QUOTED_INCLUDE_IN_FRAMEWORK_HEADER = YES;
				CLANG_WARN_RANGE_LOOP_ANALYSIS = YES;
				CLANG_WARN_STRICT_PROTOTYPES = YES;
				CLANG_WARN_SUSPICIOUS_MOVE = YES;
				CLANG_WARN_UNGUARDED_AVAILABILITY = YES_AGGRESSIVE;
				CLANG_WARN_UNREACHABLE_CODE = YES;
				CLANG_WARN__DUPLICATE_METHOD_MATCH = YES;
				COPY_PHASE_STRIP = NO;
				DEBUG_INFORMATION_FORMAT = dwarf;
				ENABLE_STRICT_OBJC_MSGSEND = YES;
				ENABLE_TESTABILITY = YES;
				GCC_C_LANGUAGE_STANDARD = gnu11;
				GCC_DYNAMIC_NO_PIC = NO;
				GCC_NO_COMMON_BLOCKS = YES;
				GCC_OPTIMIZATION_LEVEL = 0;
				GCC_PREPROCESSOR_DEFINITIONS = (
					"DEBUG=1",
					"$(inherited)",
				);
				GCC_WARN_64_TO_32_BIT_CONVERSION = YES;
				GCC_WARN_ABOUT_RETURN_TYPE = YES_ERROR;
				GCC_WARN_UNDECLARED_SELECTOR = YES;
				GCC_WARN_UNINITIALIZED_AUTOS = YES_AGGRESSIVE;
				GCC_WARN_UNUSED_FUNCTION = YES;
				GCC_WARN_UNUSED_VARIABLE = YES;
				IPHONEOS_DEPLOYMENT_TARGET = 15.4;
				MTL_ENABLE_DEBUG_INFO = INCLUDE_SOURCE;
				MTL_FAST_MATH = YES;
				ONLY_ACTIVE_ARCH = YES;
				SDKROOT = iphoneos;
				SWIFT_ACTIVE_COMPILATION_CONDITIONS = DEBUG;
				SWIFT_OPTIMIZATION_LEVEL = "-Onone";
			};
			name = Debug;
		};
		BB3A300F285125000030E302 /* Release */ = {
			isa = XCBuildConfiguration;
			buildSettings = {
				ALWAYS_SEARCH_USER_PATHS = NO;
				CLANG_ANALYZER_NONNULL = YES;
				CLANG_ANALYZER_NUMBER_OBJECT_CONVERSION = YES_AGGRESSIVE;
				CLANG_CXX_LANGUAGE_STANDARD = "gnu++17";
				CLANG_ENABLE_MODULES = YES;
				CLANG_ENABLE_OBJC_ARC = YES;
				CLANG_ENABLE_OBJC_WEAK = YES;
				CLANG_WARN_BLOCK_CAPTURE_AUTORELEASING = YES;
				CLANG_WARN_BOOL_CONVERSION = YES;
				CLANG_WARN_COMMA = YES;
				CLANG_WARN_CONSTANT_CONVERSION = YES;
				CLANG_WARN_DEPRECATED_OBJC_IMPLEMENTATIONS = YES;
				CLANG_WARN_DIRECT_OBJC_ISA_USAGE = YES_ERROR;
				CLANG_WARN_DOCUMENTATION_COMMENTS = YES;
				CLANG_WARN_EMPTY_BODY = YES;
				CLANG_WARN_ENUM_CONVERSION = YES;
				CLANG_WARN_INFINITE_RECURSION = YES;
				CLANG_WARN_INT_CONVERSION = YES;
				CLANG_WARN_NON_LITERAL_NULL_CONVERSION = YES;
				CLANG_WARN_OBJC_IMPLICIT_RETAIN_SELF = YES;
				CLANG_WARN_OBJC_LITERAL_CONVERSION = YES;
				CLANG_WARN_OBJC_ROOT_CLASS = YES_ERROR;
				CLANG_WARN_QUOTED_INCLUDE_IN_FRAMEWORK_HEADER = YES;
				CLANG_WARN_RANGE_LOOP_ANALYSIS = YES;
				CLANG_WARN_STRICT_PROTOTYPES = YES;
				CLANG_WARN_SUSPICIOUS_MOVE = YES;
				CLANG_WARN_UNGUARDED_AVAILABILITY = YES_AGGRESSIVE;
				CLANG_WARN_UNREACHABLE_CODE = YES;
				CLANG_WARN__DUPLICATE_METHOD_MATCH = YES;
				COPY_PHASE_STRIP = NO;
				DEBUG_INFORMATION_FORMAT = "dwarf-with-dsym";
				ENABLE_NS_ASSERTIONS = NO;
				ENABLE_STRICT_OBJC_MSGSEND = YES;
				GCC_C_LANGUAGE_STANDARD = gnu11;
				GCC_NO_COMMON_BLOCKS = YES;
				GCC_WARN_64_TO_32_BIT_CONVERSION = YES;
				GCC_WARN_ABOUT_RETURN_TYPE = YES_ERROR;
				GCC_WARN_UNDECLARED_SELECTOR = YES;
				GCC_WARN_UNINITIALIZED_AUTOS = YES_AGGRESSIVE;
				GCC_WARN_UNUSED_FUNCTION = YES;
				GCC_WARN_UNUSED_VARIABLE = YES;
				IPHONEOS_DEPLOYMENT_TARGET = 15.4;
				MTL_ENABLE_DEBUG_INFO = NO;
				MTL_FAST_MATH = YES;
				SDKROOT = iphoneos;
				SWIFT_COMPILATION_MODE = wholemodule;
				SWIFT_OPTIMIZATION_LEVEL = "-O";
				VALIDATE_PRODUCT = YES;
			};
			name = Release;
		};
		BB3A3011285125000030E302 /* Debug */ = {
			isa = XCBuildConfiguration;
			buildSettings = {
				ASSETCATALOG_COMPILER_APPICON_NAME = AppIcon;
				ASSETCATALOG_COMPILER_GLOBAL_ACCENT_COLOR_NAME = AccentColor;
				CODE_SIGN_STYLE = Automatic;
				CURRENT_PROJECT_VERSION = 1;
				DEVELOPMENT_TEAM = S7242VTUBZ;
				GENERATE_INFOPLIST_FILE = YES;
				INFOPLIST_FILE = "Apollo Medium Article/Info.plist";
				INFOPLIST_KEY_UIApplicationSupportsIndirectInputEvents = YES;
				INFOPLIST_KEY_UILaunchStoryboardName = LaunchScreen;
				INFOPLIST_KEY_UIMainStoryboardFile = Main;
				INFOPLIST_KEY_UISupportedInterfaceOrientations_iPad = "UIInterfaceOrientationPortrait UIInterfaceOrientationPortraitUpsideDown UIInterfaceOrientationLandscapeLeft UIInterfaceOrientationLandscapeRight";
				INFOPLIST_KEY_UISupportedInterfaceOrientations_iPhone = "UIInterfaceOrientationPortrait UIInterfaceOrientationLandscapeLeft UIInterfaceOrientationLandscapeRight";
				LD_RUNPATH_SEARCH_PATHS = (
					"$(inherited)",
					"@executable_path/Frameworks",
				);
				MARKETING_VERSION = 1.0;
				PRODUCT_BUNDLE_IDENTIFIER = "com.konstantin.bezzemelnyi.Apollo-Medium-Article";
				PRODUCT_NAME = "$(TARGET_NAME)";
				SWIFT_EMIT_LOC_STRINGS = YES;
				SWIFT_VERSION = 5.0;
				TARGETED_DEVICE_FAMILY = "1,2";
			};
			name = Debug;
		};
		BB3A3012285125000030E302 /* Release */ = {
			isa = XCBuildConfiguration;
			buildSettings = {
				ASSETCATALOG_COMPILER_APPICON_NAME = AppIcon;
				ASSETCATALOG_COMPILER_GLOBAL_ACCENT_COLOR_NAME = AccentColor;
				CODE_SIGN_STYLE = Automatic;
				CURRENT_PROJECT_VERSION = 1;
				DEVELOPMENT_TEAM = S7242VTUBZ;
				GENERATE_INFOPLIST_FILE = YES;
				INFOPLIST_FILE = "Apollo Medium Article/Info.plist";
				INFOPLIST_KEY_UIApplicationSupportsIndirectInputEvents = YES;
				INFOPLIST_KEY_UILaunchStoryboardName = LaunchScreen;
				INFOPLIST_KEY_UIMainStoryboardFile = Main;
				INFOPLIST_KEY_UISupportedInterfaceOrientations_iPad = "UIInterfaceOrientationPortrait UIInterfaceOrientationPortraitUpsideDown UIInterfaceOrientationLandscapeLeft UIInterfaceOrientationLandscapeRight";
				INFOPLIST_KEY_UISupportedInterfaceOrientations_iPhone = "UIInterfaceOrientationPortrait UIInterfaceOrientationLandscapeLeft UIInterfaceOrientationLandscapeRight";
				LD_RUNPATH_SEARCH_PATHS = (
					"$(inherited)",
					"@executable_path/Frameworks",
				);
				MARKETING_VERSION = 1.0;
				PRODUCT_BUNDLE_IDENTIFIER = "com.konstantin.bezzemelnyi.Apollo-Medium-Article";
				PRODUCT_NAME = "$(TARGET_NAME)";
				SWIFT_EMIT_LOC_STRINGS = YES;
				SWIFT_VERSION = 5.0;
				TARGETED_DEVICE_FAMILY = "1,2";
			};
			name = Release;
		};
/* End XCBuildConfiguration section */

/* Begin XCConfigurationList section */
		BB3A2FF7285124FF0030E302 /* Build configuration list for PBXProject "Apollo Medium Article" */ = {
			isa = XCConfigurationList;
			buildConfigurations = (
				BB3A300E285125000030E302 /* Debug */,
				BB3A300F285125000030E302 /* Release */,
			);
			defaultConfigurationIsVisible = 0;
			defaultConfigurationName = Release;
		};
		BB3A3010285125000030E302 /* Build configuration list for PBXNativeTarget "Apollo Medium Article" */ = {
			isa = XCConfigurationList;
			buildConfigurations = (
				BB3A3011285125000030E302 /* Debug */,
				BB3A3012285125000030E302 /* Release */,
			);
			defaultConfigurationIsVisible = 0;
			defaultConfigurationName = Release;
		};
/* End XCConfigurationList section */

/* Begin XCRemoteSwiftPackageReference section */
		BB3A3013285127DD0030E302 /* XCRemoteSwiftPackageReference "apollo-ios" */ = {
			isa = XCRemoteSwiftPackageReference;
			repositoryURL = "https://github.com/apollographql/apollo-ios";
			requirement = {
				branch = main;
				kind = branch;
			};
		};
/* End XCRemoteSwiftPackageReference section */

/* Begin XCSwiftPackageProductDependency section */
		BB3A3014285127DD0030E302 /* Apollo */ = {
			isa = XCSwiftPackageProductDependency;
			package = BB3A3013285127DD0030E302 /* XCRemoteSwiftPackageReference "apollo-ios" */;
			productName = Apollo;
		};
/* End XCSwiftPackageProductDependency section */
	};
	rootObject = BB3A2FF4285124FF0030E302 /* Project object */;
}
